
Microsoft Visual Studio Solution File, Format Version 12.00
# Visual Studio 15
VisualStudioVersion = 15.0.27004.2005
MinimumVisualStudioVersion = 10.0.40219.1
Project("{FAE04EC0-301F-11D3-BF4B-00C04F79EFBC}") = "ScrabblistaPL.Android", "ScrabblistaPL\ScrabblistaPL.Android\ScrabblistaPL.Android.csproj", "{7BBE0992-5633-4686-912B-AF29C9F96C6D}"
EndProject
Project("{FAE04EC0-301F-11D3-BF4B-00C04F79EFBC}") = "ScrabblistaPL", "ScrabblistaPL\ScrabblistaPL\ScrabblistaPL.csproj", "{4518A9D7-6CA9-4B3D-962A-F86D628578AD}"
EndProject
Project("{FAE04EC0-301F-11D3-BF4B-00C04F79EFBC}") = "ScrabblistaPL.UWP", "ScrabblistaPL\ScrabblistaPL.UWP\ScrabblistaPL.UWP.csproj", "{A065B987-26A1-404B-9CEF-8345F9C8F8A0}"
EndProject
Project("{FAE04EC0-301F-11D3-BF4B-00C04F79EFBC}") = "ScrabblistaPL.Domain", "ScrabblistaPL.Domain\ScrabblistaPL.Domain.csproj", "{E8F8E888-6B2F-4DC0-BF24-AFA6C39E7A40}"
EndProject
Global
	GlobalSection(SolutionConfigurationPlatforms) = preSolution
		Ad-Hoc|Any CPU = Ad-Hoc|Any CPU
		Ad-Hoc|ARM = Ad-Hoc|ARM
		Ad-Hoc|iPhone = Ad-Hoc|iPhone
		Ad-Hoc|iPhoneSimulator = Ad-Hoc|iPhoneSimulator
		Ad-Hoc|x64 = Ad-Hoc|x64
		Ad-Hoc|x86 = Ad-Hoc|x86
		AppStore|Any CPU = AppStore|Any CPU
		AppStore|ARM = AppStore|ARM
		AppStore|iPhone = AppStore|iPhone
		AppStore|iPhoneSimulator = AppStore|iPhoneSimulator
		AppStore|x64 = AppStore|x64
		AppStore|x86 = AppStore|x86
		Debug|Any CPU = Debug|Any CPU
		Debug|ARM = Debug|ARM
		Debug|iPhone = Debug|iPhone
		Debug|iPhoneSimulator = Debug|iPhoneSimulator
		Debug|x64 = Debug|x64
		Debug|x86 = Debug|x86
		Release|Any CPU = Release|Any CPU
		Release|ARM = Release|ARM
		Release|iPhone = Release|iPhone
		Release|iPhoneSimulator = Release|iPhoneSimulator
		Release|x64 = Release|x64
		Release|x86 = Release|x86
	EndGlobalSection
	GlobalSection(ProjectConfigurationPlatforms) = postSolution
		{7BBE0992-5633-4686-912B-AF29C9F96C6D}.Ad-Hoc|Any CPU.ActiveCfg = Release|Any CPU
		{7BBE0992-5633-4686-912B-AF29C9F96C6D}.Ad-Hoc|Any CPU.Build.0 = Release|Any CPU
		{7BBE0992-5633-4686-912B-AF29C9F96C6D}.Ad-Hoc|Any CPU.Deploy.0 = Release|Any CPU
		{7BBE0992-5633-4686-912B-AF29C9F96C6D}.Ad-Hoc|ARM.ActiveCfg = Release|Any CPU
		{7BBE0992-5633-4686-912B-AF29C9F96C6D}.Ad-Hoc|ARM.Build.0 = Release|Any CPU
		{7BBE0992-5633-4686-912B-AF29C9F96C6D}.Ad-Hoc|ARM.Deploy.0 = Release|Any CPU
		{7BBE0992-5633-4686-912B-AF29C9F96C6D}.Ad-Hoc|iPhone.ActiveCfg = Release|Any CPU
		{7BBE0992-5633-4686-912B-AF29C9F96C6D}.Ad-Hoc|iPhone.Build.0 = Release|Any CPU
		{7BBE0992-5633-4686-912B-AF29C9F96C6D}.Ad-Hoc|iPhone.Deploy.0 = Release|Any CPU
		{7BBE0992-5633-4686-912B-AF29C9F96C6D}.Ad-Hoc|iPhoneSimulator.ActiveCfg = Release|Any CPU
		{7BBE0992-5633-4686-912B-AF29C9F96C6D}.Ad-Hoc|iPhoneSimulator.Build.0 = Release|Any CPU
		{7BBE0992-5633-4686-912B-AF29C9F96C6D}.Ad-Hoc|iPhoneSimulator.Deploy.0 = Release|Any CPU
		{7BBE0992-5633-4686-912B-AF29C9F96C6D}.Ad-Hoc|x64.ActiveCfg = Release|Any CPU
		{7BBE0992-5633-4686-912B-AF29C9F96C6D}.Ad-Hoc|x64.Build.0 = Release|Any CPU
		{7BBE0992-5633-4686-912B-AF29C9F96C6D}.Ad-Hoc|x64.Deploy.0 = Release|Any CPU
		{7BBE0992-5633-4686-912B-AF29C9F96C6D}.Ad-Hoc|x86.ActiveCfg = Release|Any CPU
		{7BBE0992-5633-4686-912B-AF29C9F96C6D}.Ad-Hoc|x86.Build.0 = Release|Any CPU
		{7BBE0992-5633-4686-912B-AF29C9F96C6D}.Ad-Hoc|x86.Deploy.0 = Release|Any CPU
		{7BBE0992-5633-4686-912B-AF29C9F96C6D}.AppStore|Any CPU.ActiveCfg = Release|Any CPU
		{7BBE0992-5633-4686-912B-AF29C9F96C6D}.AppStore|Any CPU.Build.0 = Release|Any CPU
		{7BBE0992-5633-4686-912B-AF29C9F96C6D}.AppStore|Any CPU.Deploy.0 = Release|Any CPU
		{7BBE0992-5633-4686-912B-AF29C9F96C6D}.AppStore|ARM.ActiveCfg = Release|Any CPU
		{7BBE0992-5633-4686-912B-AF29C9F96C6D}.AppStore|ARM.Build.0 = Release|Any CPU
		{7BBE0992-5633-4686-912B-AF29C9F96C6D}.AppStore|ARM.Deploy.0 = Release|Any CPU
		{7BBE0992-5633-4686-912B-AF29C9F96C6D}.AppStore|iPhone.ActiveCfg = Release|Any CPU
		{7BBE0992-5633-4686-912B-AF29C9F96C6D}.AppStore|iPhone.Build.0 = Release|Any CPU
		{7BBE0992-5633-4686-912B-AF29C9F96C6D}.AppStore|iPhone.Deploy.0 = Release|Any CPU
		{7BBE0992-5633-4686-912B-AF29C9F96C6D}.AppStore|iPhoneSimulator.ActiveCfg = Release|Any CPU
		{7BBE0992-5633-4686-912B-AF29C9F96C6D}.AppStore|iPhoneSimulator.Build.0 = Release|Any CPU
		{7BBE0992-5633-4686-912B-AF29C9F96C6D}.AppStore|iPhoneSimulator.Deploy.0 = Release|Any CPU
		{7BBE0992-5633-4686-912B-AF29C9F96C6D}.AppStore|x64.ActiveCfg = Release|Any CPU
		{7BBE0992-5633-4686-912B-AF29C9F96C6D}.AppStore|x64.Build.0 = Release|Any CPU
		{7BBE0992-5633-4686-912B-AF29C9F96C6D}.AppStore|x64.Deploy.0 = Release|Any CPU
		{7BBE0992-5633-4686-912B-AF29C9F96C6D}.AppStore|x86.ActiveCfg = Release|Any CPU
		{7BBE0992-5633-4686-912B-AF29C9F96C6D}.AppStore|x86.Build.0 = Release|Any CPU
		{7BBE0992-5633-4686-912B-AF29C9F96C6D}.AppStore|x86.Deploy.0 = Release|Any CPU
		{7BBE0992-5633-4686-912B-AF29C9F96C6D}.Debug|Any CPU.ActiveCfg = Debug|Any CPU
		{7BBE0992-5633-4686-912B-AF29C9F96C6D}.Debug|Any CPU.Build.0 = Debug|Any CPU
		{7BBE0992-5633-4686-912B-AF29C9F96C6D}.Debug|Any CPU.Deploy.0 = Debug|Any CPU
		{7BBE0992-5633-4686-912B-AF29C9F96C6D}.Debug|ARM.ActiveCfg = Debug|Any CPU
		{7BBE0992-5633-4686-912B-AF29C9F96C6D}.Debug|ARM.Build.0 = Debug|Any CPU
		{7BBE0992-5633-4686-912B-AF29C9F96C6D}.Debug|ARM.Deploy.0 = Debug|Any CPU
		{7BBE0992-5633-4686-912B-AF29C9F96C6D}.Debug|iPhone.ActiveCfg = Debug|Any CPU
		{7BBE0992-5633-4686-912B-AF29C9F96C6D}.Debug|iPhone.Build.0 = Debug|Any CPU
		{7BBE0992-5633-4686-912B-AF29C9F96C6D}.Debug|iPhone.Deploy.0 = Debug|Any CPU
		{7BBE0992-5633-4686-912B-AF29C9F96C6D}.Debug|iPhoneSimulator.ActiveCfg = Debug|Any CPU
		{7BBE0992-5633-4686-912B-AF29C9F96C6D}.Debug|iPhoneSimulator.Build.0 = Debug|Any CPU
		{7BBE0992-5633-4686-912B-AF29C9F96C6D}.Debug|iPhoneSimulator.Deploy.0 = Debug|Any CPU
		{7BBE0992-5633-4686-912B-AF29C9F96C6D}.Debug|x64.ActiveCfg = Debug|Any CPU
		{7BBE0992-5633-4686-912B-AF29C9F96C6D}.Debug|x64.Build.0 = Debug|Any CPU
		{7BBE0992-5633-4686-912B-AF29C9F96C6D}.Debug|x64.Deploy.0 = Debug|Any CPU
		{7BBE0992-5633-4686-912B-AF29C9F96C6D}.Debug|x86.ActiveCfg = Debug|Any CPU
		{7BBE0992-5633-4686-912B-AF29C9F96C6D}.Debug|x86.Build.0 = Debug|Any CPU
		{7BBE0992-5633-4686-912B-AF29C9F96C6D}.Debug|x86.Deploy.0 = Debug|Any CPU
		{7BBE0992-5633-4686-912B-AF29C9F96C6D}.Release|Any CPU.ActiveCfg = Release|Any CPU
		{7BBE0992-5633-4686-912B-AF29C9F96C6D}.Release|Any CPU.Build.0 = Release|Any CPU
		{7BBE0992-5633-4686-912B-AF29C9F96C6D}.Release|Any CPU.Deploy.0 = Release|Any CPU
		{7BBE0992-5633-4686-912B-AF29C9F96C6D}.Release|ARM.ActiveCfg = Release|Any CPU
		{7BBE0992-5633-4686-912B-AF29C9F96C6D}.Release|ARM.Build.0 = Release|Any CPU
		{7BBE0992-5633-4686-912B-AF29C9F96C6D}.Release|ARM.Deploy.0 = Release|Any CPU
		{7BBE0992-5633-4686-912B-AF29C9F96C6D}.Release|iPhone.ActiveCfg = Release|Any CPU
		{7BBE0992-5633-4686-912B-AF29C9F96C6D}.Release|iPhone.Build.0 = Release|Any CPU
		{7BBE0992-5633-4686-912B-AF29C9F96C6D}.Release|iPhone.Deploy.0 = Release|Any CPU
		{7BBE0992-5633-4686-912B-AF29C9F96C6D}.Release|iPhoneSimulator.ActiveCfg = Release|Any CPU
		{7BBE0992-5633-4686-912B-AF29C9F96C6D}.Release|iPhoneSimulator.Build.0 = Release|Any CPU
		{7BBE0992-5633-4686-912B-AF29C9F96C6D}.Release|iPhoneSimulator.Deploy.0 = Release|Any CPU
		{7BBE0992-5633-4686-912B-AF29C9F96C6D}.Release|x64.ActiveCfg = Release|Any CPU
		{7BBE0992-5633-4686-912B-AF29C9F96C6D}.Release|x64.Build.0 = Release|Any CPU
		{7BBE0992-5633-4686-912B-AF29C9F96C6D}.Release|x64.Deploy.0 = Release|Any CPU
		{7BBE0992-5633-4686-912B-AF29C9F96C6D}.Release|x86.ActiveCfg = Release|Any CPU
		{7BBE0992-5633-4686-912B-AF29C9F96C6D}.Release|x86.Build.0 = Release|Any CPU
		{7BBE0992-5633-4686-912B-AF29C9F96C6D}.Release|x86.Deploy.0 = Release|Any CPU
		{4518A9D7-6CA9-4B3D-962A-F86D628578AD}.Ad-Hoc|Any CPU.ActiveCfg = Release|Any CPU
		{4518A9D7-6CA9-4B3D-962A-F86D628578AD}.Ad-Hoc|Any CPU.Build.0 = Release|Any CPU
		{4518A9D7-6CA9-4B3D-962A-F86D628578AD}.Ad-Hoc|ARM.ActiveCfg = Release|Any CPU
		{4518A9D7-6CA9-4B3D-962A-F86D628578AD}.Ad-Hoc|ARM.Build.0 = Release|Any CPU
		{4518A9D7-6CA9-4B3D-962A-F86D628578AD}.Ad-Hoc|iPhone.ActiveCfg = Release|Any CPU
		{4518A9D7-6CA9-4B3D-962A-F86D628578AD}.Ad-Hoc|iPhone.Build.0 = Release|Any CPU
		{4518A9D7-6CA9-4B3D-962A-F86D628578AD}.Ad-Hoc|iPhoneSimulator.ActiveCfg = Release|Any CPU
		{4518A9D7-6CA9-4B3D-962A-F86D628578AD}.Ad-Hoc|iPhoneSimulator.Build.0 = Release|Any CPU
		{4518A9D7-6CA9-4B3D-962A-F86D628578AD}.Ad-Hoc|x64.ActiveCfg = Release|Any CPU
		{4518A9D7-6CA9-4B3D-962A-F86D628578AD}.Ad-Hoc|x64.Build.0 = Release|Any CPU
		{4518A9D7-6CA9-4B3D-962A-F86D628578AD}.Ad-Hoc|x86.ActiveCfg = Release|Any CPU
		{4518A9D7-6CA9-4B3D-962A-F86D628578AD}.Ad-Hoc|x86.Build.0 = Release|Any CPU
		{4518A9D7-6CA9-4B3D-962A-F86D628578AD}.AppStore|Any CPU.ActiveCfg = Release|Any CPU
		{4518A9D7-6CA9-4B3D-962A-F86D628578AD}.AppStore|Any CPU.Build.0 = Release|Any CPU
		{4518A9D7-6CA9-4B3D-962A-F86D628578AD}.AppStore|ARM.ActiveCfg = Release|Any CPU
		{4518A9D7-6CA9-4B3D-962A-F86D628578AD}.AppStore|ARM.Build.0 = Release|Any CPU
		{4518A9D7-6CA9-4B3D-962A-F86D628578AD}.AppStore|iPhone.ActiveCfg = Release|Any CPU
		{4518A9D7-6CA9-4B3D-962A-F86D628578AD}.AppStore|iPhone.Build.0 = Release|Any CPU
		{4518A9D7-6CA9-4B3D-962A-F86D628578AD}.AppStore|iPhoneSimulator.ActiveCfg = Release|Any CPU
		{4518A9D7-6CA9-4B3D-962A-F86D628578AD}.AppStore|iPhoneSimulator.Build.0 = Release|Any CPU
		{4518A9D7-6CA9-4B3D-962A-F86D628578AD}.AppStore|x64.ActiveCfg = Release|Any CPU
		{4518A9D7-6CA9-4B3D-962A-F86D628578AD}.AppStore|x64.Build.0 = Release|Any CPU
		{4518A9D7-6CA9-4B3D-962A-F86D628578AD}.AppStore|x86.ActiveCfg = Release|Any CPU
		{4518A9D7-6CA9-4B3D-962A-F86D628578AD}.AppStore|x86.Build.0 = Release|Any CPU
		{4518A9D7-6CA9-4B3D-962A-F86D628578AD}.Debug|Any CPU.ActiveCfg = Debug|Any CPU
		{4518A9D7-6CA9-4B3D-962A-F86D628578AD}.Debug|Any CPU.Build.0 = Debug|Any CPU
		{4518A9D7-6CA9-4B3D-962A-F86D628578AD}.Debug|ARM.ActiveCfg = Debug|Any CPU
		{4518A9D7-6CA9-4B3D-962A-F86D628578AD}.Debug|ARM.Build.0 = Debug|Any CPU
		{4518A9D7-6CA9-4B3D-962A-F86D628578AD}.Debug|iPhone.ActiveCfg = Debug|Any CPU
		{4518A9D7-6CA9-4B3D-962A-F86D628578AD}.Debug|iPhone.Build.0 = Debug|Any CPU
		{4518A9D7-6CA9-4B3D-962A-F86D628578AD}.Debug|iPhoneSimulator.ActiveCfg = Debug|Any CPU
		{4518A9D7-6CA9-4B3D-962A-F86D628578AD}.Debug|iPhoneSimulator.Build.0 = Debug|Any CPU
		{4518A9D7-6CA9-4B3D-962A-F86D628578AD}.Debug|x64.ActiveCfg = Debug|Any CPU
		{4518A9D7-6CA9-4B3D-962A-F86D628578AD}.Debug|x64.Build.0 = Debug|Any CPU
		{4518A9D7-6CA9-4B3D-962A-F86D628578AD}.Debug|x86.ActiveCfg = Debug|Any CPU
		{4518A9D7-6CA9-4B3D-962A-F86D628578AD}.Debug|x86.Build.0 = Debug|Any CPU
		{4518A9D7-6CA9-4B3D-962A-F86D628578AD}.Release|Any CPU.ActiveCfg = Release|Any CPU
		{4518A9D7-6CA9-4B3D-962A-F86D628578AD}.Release|Any CPU.Build.0 = Release|Any CPU
		{4518A9D7-6CA9-4B3D-962A-F86D628578AD}.Release|ARM.ActiveCfg = Release|Any CPU
		{4518A9D7-6CA9-4B3D-962A-F86D628578AD}.Release|ARM.Build.0 = Release|Any CPU
		{4518A9D7-6CA9-4B3D-962A-F86D628578AD}.Release|iPhone.ActiveCfg = Release|Any CPU
		{4518A9D7-6CA9-4B3D-962A-F86D628578AD}.Release|iPhone.Build.0 = Release|Any CPU
		{4518A9D7-6CA9-4B3D-962A-F86D628578AD}.Release|iPhoneSimulator.ActiveCfg = Release|Any CPU
		{4518A9D7-6CA9-4B3D-962A-F86D628578AD}.Release|iPhoneSimulator.Build.0 = Release|Any CPU
		{4518A9D7-6CA9-4B3D-962A-F86D628578AD}.Release|x64.ActiveCfg = Release|Any CPU
		{4518A9D7-6CA9-4B3D-962A-F86D628578AD}.Release|x64.Build.0 = Release|Any CPU
		{4518A9D7-6CA9-4B3D-962A-F86D628578AD}.Release|x86.ActiveCfg = Release|Any CPU
		{4518A9D7-6CA9-4B3D-962A-F86D628578AD}.Release|x86.Build.0 = Release|Any CPU
		{A065B987-26A1-404B-9CEF-8345F9C8F8A0}.Ad-Hoc|Any CPU.ActiveCfg = Release|x86
		{A065B987-26A1-404B-9CEF-8345F9C8F8A0}.Ad-Hoc|Any CPU.Build.0 = Release|x86
		{A065B987-26A1-404B-9CEF-8345F9C8F8A0}.Ad-Hoc|Any CPU.Deploy.0 = Release|x86
		{A065B987-26A1-404B-9CEF-8345F9C8F8A0}.Ad-Hoc|ARM.ActiveCfg = Release|ARM
		{A065B987-26A1-404B-9CEF-8345F9C8F8A0}.Ad-Hoc|ARM.Build.0 = Release|ARM
		{A065B987-26A1-404B-9CEF-8345F9C8F8A0}.Ad-Hoc|ARM.Deploy.0 = Release|ARM
		{A065B987-26A1-404B-9CEF-8345F9C8F8A0}.Ad-Hoc|iPhone.ActiveCfg = Release|x86
		{A065B987-26A1-404B-9CEF-8345F9C8F8A0}.Ad-Hoc|iPhone.Build.0 = Release|x86
		{A065B987-26A1-404B-9CEF-8345F9C8F8A0}.Ad-Hoc|iPhone.Deploy.0 = Release|x86
		{A065B987-26A1-404B-9CEF-8345F9C8F8A0}.Ad-Hoc|iPhoneSimulator.ActiveCfg = Release|x86
		{A065B987-26A1-404B-9CEF-8345F9C8F8A0}.Ad-Hoc|iPhoneSimulator.Build.0 = Release|x86
		{A065B987-26A1-404B-9CEF-8345F9C8F8A0}.Ad-Hoc|iPhoneSimulator.Deploy.0 = Release|x86
		{A065B987-26A1-404B-9CEF-8345F9C8F8A0}.Ad-Hoc|x64.ActiveCfg = Release|x64
		{A065B987-26A1-404B-9CEF-8345F9C8F8A0}.Ad-Hoc|x64.Build.0 = Release|x64
		{A065B987-26A1-404B-9CEF-8345F9C8F8A0}.Ad-Hoc|x64.Deploy.0 = Release|x64
		{A065B987-26A1-404B-9CEF-8345F9C8F8A0}.Ad-Hoc|x86.ActiveCfg = Release|x86
		{A065B987-26A1-404B-9CEF-8345F9C8F8A0}.Ad-Hoc|x86.Build.0 = Release|x86
		{A065B987-26A1-404B-9CEF-8345F9C8F8A0}.Ad-Hoc|x86.Deploy.0 = Release|x86
		{A065B987-26A1-404B-9CEF-8345F9C8F8A0}.AppStore|Any CPU.ActiveCfg = Release|x86
		{A065B987-26A1-404B-9CEF-8345F9C8F8A0}.AppStore|Any CPU.Build.0 = Release|x86
		{A065B987-26A1-404B-9CEF-8345F9C8F8A0}.AppStore|Any CPU.Deploy.0 = Release|x86
		{A065B987-26A1-404B-9CEF-8345F9C8F8A0}.AppStore|ARM.ActiveCfg = Release|ARM
		{A065B987-26A1-404B-9CEF-8345F9C8F8A0}.AppStore|ARM.Build.0 = Release|ARM
		{A065B987-26A1-404B-9CEF-8345F9C8F8A0}.AppStore|ARM.Deploy.0 = Release|ARM
		{A065B987-26A1-404B-9CEF-8345F9C8F8A0}.AppStore|iPhone.ActiveCfg = Release|x86
		{A065B987-26A1-404B-9CEF-8345F9C8F8A0}.AppStore|iPhone.Build.0 = Release|x86
		{A065B987-26A1-404B-9CEF-8345F9C8F8A0}.AppStore|iPhone.Deploy.0 = Release|x86
		{A065B987-26A1-404B-9CEF-8345F9C8F8A0}.AppStore|iPhoneSimulator.ActiveCfg = Release|x86
		{A065B987-26A1-404B-9CEF-8345F9C8F8A0}.AppStore|iPhoneSimulator.Build.0 = Release|x86
		{A065B987-26A1-404B-9CEF-8345F9C8F8A0}.AppStore|iPhoneSimulator.Deploy.0 = Release|x86
		{A065B987-26A1-404B-9CEF-8345F9C8F8A0}.AppStore|x64.ActiveCfg = Release|x64
		{A065B987-26A1-404B-9CEF-8345F9C8F8A0}.AppStore|x64.Build.0 = Release|x64
		{A065B987-26A1-404B-9CEF-8345F9C8F8A0}.AppStore|x64.Deploy.0 = Release|x64
		{A065B987-26A1-404B-9CEF-8345F9C8F8A0}.AppStore|x86.ActiveCfg = Release|x86
		{A065B987-26A1-404B-9CEF-8345F9C8F8A0}.AppStore|x86.Build.0 = Release|x86
		{A065B987-26A1-404B-9CEF-8345F9C8F8A0}.AppStore|x86.Deploy.0 = Release|x86
		{A065B987-26A1-404B-9CEF-8345F9C8F8A0}.Debug|Any CPU.ActiveCfg = Debug|x86
		{A065B987-26A1-404B-9CEF-8345F9C8F8A0}.Debug|Any CPU.Build.0 = Debug|x86
		{A065B987-26A1-404B-9CEF-8345F9C8F8A0}.Debug|Any CPU.Deploy.0 = Debug|x86
		{A065B987-26A1-404B-9CEF-8345F9C8F8A0}.Debug|ARM.ActiveCfg = Debug|ARM
		{A065B987-26A1-404B-9CEF-8345F9C8F8A0}.Debug|ARM.Build.0 = Debug|ARM
		{A065B987-26A1-404B-9CEF-8345F9C8F8A0}.Debug|ARM.Deploy.0 = Debug|ARM
		{A065B987-26A1-404B-9CEF-8345F9C8F8A0}.Debug|iPhone.ActiveCfg = Debug|x86
		{A065B987-26A1-404B-9CEF-8345F9C8F8A0}.Debug|iPhoneSimulator.ActiveCfg = Debug|x86
		{A065B987-26A1-404B-9CEF-8345F9C8F8A0}.Debug|x64.ActiveCfg = Debug|x64
		{A065B987-26A1-404B-9CEF-8345F9C8F8A0}.Debug|x64.Build.0 = Debug|x64
		{A065B987-26A1-404B-9CEF-8345F9C8F8A0}.Debug|x64.Deploy.0 = Debug|x64
		{A065B987-26A1-404B-9CEF-8345F9C8F8A0}.Debug|x86.ActiveCfg = Debug|x86
		{A065B987-26A1-404B-9CEF-8345F9C8F8A0}.Debug|x86.Build.0 = Debug|x86
		{A065B987-26A1-404B-9CEF-8345F9C8F8A0}.Debug|x86.Deploy.0 = Debug|x86
		{A065B987-26A1-404B-9CEF-8345F9C8F8A0}.Release|Any CPU.ActiveCfg = Release|x86
		{A065B987-26A1-404B-9CEF-8345F9C8F8A0}.Release|ARM.ActiveCfg = Release|ARM
		{A065B987-26A1-404B-9CEF-8345F9C8F8A0}.Release|ARM.Build.0 = Release|ARM
		{A065B987-26A1-404B-9CEF-8345F9C8F8A0}.Release|ARM.Deploy.0 = Release|ARM
		{A065B987-26A1-404B-9CEF-8345F9C8F8A0}.Release|iPhone.ActiveCfg = Release|x86
		{A065B987-26A1-404B-9CEF-8345F9C8F8A0}.Release|iPhoneSimulator.ActiveCfg = Release|x86
		{A065B987-26A1-404B-9CEF-8345F9C8F8A0}.Release|x64.ActiveCfg = Release|x64
		{A065B987-26A1-404B-9CEF-8345F9C8F8A0}.Release|x64.Build.0 = Release|x64
		{A065B987-26A1-404B-9CEF-8345F9C8F8A0}.Release|x64.Deploy.0 = Release|x64
		{A065B987-26A1-404B-9CEF-8345F9C8F8A0}.Release|x86.ActiveCfg = Release|x86
		{A065B987-26A1-404B-9CEF-8345F9C8F8A0}.Release|x86.Build.0 = Release|x86
		{A065B987-26A1-404B-9CEF-8345F9C8F8A0}.Release|x86.Deploy.0 = Release|x86
		{E8F8E888-6B2F-4DC0-BF24-AFA6C39E7A40}.Ad-Hoc|Any CPU.ActiveCfg = Release|Any CPU
		{E8F8E888-6B2F-4DC0-BF24-AFA6C39E7A40}.Ad-Hoc|Any CPU.Build.0 = Release|Any CPU
		{E8F8E888-6B2F-4DC0-BF24-AFA6C39E7A40}.Ad-Hoc|ARM.ActiveCfg = Release|Any CPU
		{E8F8E888-6B2F-4DC0-BF24-AFA6C39E7A40}.Ad-Hoc|ARM.Build.0 = Release|Any CPU
		{E8F8E888-6B2F-4DC0-BF24-AFA6C39E7A40}.Ad-Hoc|iPhone.ActiveCfg = Release|Any CPU
		{E8F8E888-6B2F-4DC0-BF24-AFA6C39E7A40}.Ad-Hoc|iPhone.Build.0 = Release|Any CPU
		{E8F8E888-6B2F-4DC0-BF24-AFA6C39E7A40}.Ad-Hoc|iPhoneSimulator.ActiveCfg = Release|Any CPU
		{E8F8E888-6B2F-4DC0-BF24-AFA6C39E7A40}.Ad-Hoc|iPhoneSimulator.Build.0 = Release|Any CPU
		{E8F8E888-6B2F-4DC0-BF24-AFA6C39E7A40}.Ad-Hoc|x64.ActiveCfg = Release|Any CPU
		{E8F8E888-6B2F-4DC0-BF24-AFA6C39E7A40}.Ad-Hoc|x64.Build.0 = Release|Any CPU
		{E8F8E888-6B2F-4DC0-BF24-AFA6C39E7A40}.Ad-Hoc|x86.ActiveCfg = Release|Any CPU
		{E8F8E888-6B2F-4DC0-BF24-AFA6C39E7A40}.Ad-Hoc|x86.Build.0 = Release|Any CPU
		{E8F8E888-6B2F-4DC0-BF24-AFA6C39E7A40}.AppStore|Any CPU.ActiveCfg = Release|Any CPU
		{E8F8E888-6B2F-4DC0-BF24-AFA6C39E7A40}.AppStore|Any CPU.Build.0 = Release|Any CPU
		{E8F8E888-6B2F-4DC0-BF24-AFA6C39E7A40}.AppStore|ARM.ActiveCfg = Release|Any CPU
		{E8F8E888-6B2F-4DC0-BF24-AFA6C39E7A40}.AppStore|ARM.Build.0 = Release|Any CPU
		{E8F8E888-6B2F-4DC0-BF24-AFA6C39E7A40}.AppStore|iPhone.ActiveCfg = Release|Any CPU
		{E8F8E888-6B2F-4DC0-BF24-AFA6C39E7A40}.AppStore|iPhone.Build.0 = Release|Any CPU
		{E8F8E888-6B2F-4DC0-BF24-AFA6C39E7A40}.AppStore|iPhoneSimulator.ActiveCfg = Release|Any CPU
		{E8F8E888-6B2F-4DC0-BF24-AFA6C39E7A40}.AppStore|iPhoneSimulator.Build.0 = Release|Any CPU
		{E8F8E888-6B2F-4DC0-BF24-AFA6C39E7A40}.AppStore|x64.ActiveCfg = Release|Any CPU
		{E8F8E888-6B2F-4DC0-BF24-AFA6C39E7A40}.AppStore|x64.Build.0 = Release|Any CPU
		{E8F8E888-6B2F-4DC0-BF24-AFA6C39E7A40}.AppStore|x86.ActiveCfg = Release|Any CPU
		{E8F8E888-6B2F-4DC0-BF24-AFA6C39E7A40}.AppStore|x86.Build.0 = Release|Any CPU
		{E8F8E888-6B2F-4DC0-BF24-AFA6C39E7A40}.Debug|Any CPU.ActiveCfg = Debug|Any CPU
		{E8F8E888-6B2F-4DC0-BF24-AFA6C39E7A40}.Debug|Any CPU.Build.0 = Debug|Any CPU
		{E8F8E888-6B2F-4DC0-BF24-AFA6C39E7A40}.Debug|ARM.ActiveCfg = Debug|Any CPU
		{E8F8E888-6B2F-4DC0-BF24-AFA6C39E7A40}.Debug|ARM.Build.0 = Debug|Any CPU
		{E8F8E888-6B2F-4DC0-BF24-AFA6C39E7A40}.Debug|iPhone.ActiveCfg = Debug|Any CPU
		{E8F8E888-6B2F-4DC0-BF24-AFA6C39E7A40}.Debug|iPhone.Build.0 = Debug|Any CPU
		{E8F8E888-6B2F-4DC0-BF24-AFA6C39E7A40}.Debug|iPhoneSimulator.ActiveCfg = Debug|Any CPU
		{E8F8E888-6B2F-4DC0-BF24-AFA6C39E7A40}.Debug|iPhoneSimulator.Build.0 = Debug|Any CPU
		{E8F8E888-6B2F-4DC0-BF24-AFA6C39E7A40}.Debug|x64.ActiveCfg = Debug|Any CPU
		{E8F8E888-6B2F-4DC0-BF24-AFA6C39E7A40}.Debug|x64.Build.0 = Debug|Any CPU
		{E8F8E888-6B2F-4DC0-BF24-AFA6C39E7A40}.Debug|x86.ActiveCfg = Debug|Any CPU
		{E8F8E888-6B2F-4DC0-BF24-AFA6C39E7A40}.Debug|x86.Build.0 = Debug|Any CPU
		{E8F8E888-6B2F-4DC0-BF24-AFA6C39E7A40}.Release|Any CPU.ActiveCfg = Release|Any CPU
		{E8F8E888-6B2F-4DC0-BF24-AFA6C39E7A40}.Release|Any CPU.Build.0 = Release|Any CPU
		{E8F8E888-6B2F-4DC0-BF24-AFA6C39E7A40}.Release|ARM.ActiveCfg = Release|Any CPU
		{E8F8E888-6B2F-4DC0-BF24-AFA6C39E7A40}.Release|ARM.Build.0 = Release|Any CPU
		{E8F8E888-6B2F-4DC0-BF24-AFA6C39E7A40}.Release|iPhone.ActiveCfg = Release|Any CPU
		{E8F8E888-6B2F-4DC0-BF24-AFA6C39E7A40}.Release|iPhone.Build.0 = Release|Any CPU
		{E8F8E888-6B2F-4DC0-BF24-AFA6C39E7A40}.Release|iPhoneSimulator.ActiveCfg = Release|Any CPU
		{E8F8E888-6B2F-4DC0-BF24-AFA6C39E7A40}.Release|iPhoneSimulator.Build.0 = Release|Any CPU
		{E8F8E888-6B2F-4DC0-BF24-AFA6C39E7A40}.Release|x64.ActiveCfg = Release|Any CPU
		{E8F8E888-6B2F-4DC0-BF24-AFA6C39E7A40}.Release|x64.Build.0 = Release|Any CPU
		{E8F8E888-6B2F-4DC0-BF24-AFA6C39E7A40}.Release|x86.ActiveCfg = Release|Any CPU
		{E8F8E888-6B2F-4DC0-BF24-AFA6C39E7A40}.Release|x86.Build.0 = Release|Any CPU
	EndGlobalSection
	GlobalSection(SolutionProperties) = preSolution
		HideSolutionNode = FALSE
	EndGlobalSection
	GlobalSection(ExtensibilityGlobals) = postSolution
		SolutionGuid = {3A65B492-B4C6-4BA1-9AC0-3B1A2A6241F0}
	EndGlobalSection
EndGlobal
